
Microsoft Visual Studio Solution File, Format Version 12.00
# Visual Studio Version 17
VisualStudioVersion = 17.3.32929.385
MinimumVisualStudioVersion = 10.0.40219.1
Project("{8BC9CEB8-8B4A-11D0-8D11-00A0C91BC942}") = "cod_vozvrata", "cod_vozvrata\cod_vozvrata.vcxproj", "{475370F1-AAE2-4128-9103-F049F6079914}"
EndProject
Global
	GlobalSection(SolutionConfigurationPlatforms) = preSolution
		Debug|x64 = Debug|x64
		Debug|x86 = Debug|x86
		Release|x64 = Release|x64
		Release|x86 = Release|x86
	EndGlobalSection
	GlobalSection(ProjectConfigurationPlatforms) = postSolution
		{475370F1-AAE2-4128-9103-F049F6079914}.Debug|x64.ActiveCfg = Debug|x64
		{475370F1-AAE2-4128-9103-F049F6079914}.Debug|x64.Build.0 = Debug|x64
		{475370F1-AAE2-4128-9103-F049F6079914}.Debug|x86.ActiveCfg = Debug|Win32
		{475370F1-AAE2-4128-9103-F049F6079914}.Debug|x86.Build.0 = Debug|Win32
		{475370F1-AAE2-4128-9103-F049F6079914}.Release|x64.ActiveCfg = Release|x64
		{475370F1-AAE2-4128-9103-F049F6079914}.Release|x64.Build.0 = Release|x64
		{475370F1-AAE2-4128-9103-F049F6079914}.Release|x86.ActiveCfg = Release|Win32
		{475370F1-AAE2-4128-9103-F049F6079914}.Release|x86.Build.0 = Release|Win32
	EndGlobalSection
	GlobalSection(SolutionProperties) = preSolution
		HideSolutionNode = FALSE
	EndGlobalSection
	GlobalSection(ExtensibilityGlobals) = postSolution
		SolutionGuid = {7A032E0E-2ABE-4E7E-B56C-C93A7878D125}
	EndGlobalSection
EndGlobal
